// !$*UTF8*$!
{
	archiveVersion = 1;
	classes = {
	};
	objectVersion = 56;
	objects = {

/* Begin PBXBuildFile section */
		6590EFAD2A293743006F74BD /* AppDelegate.swift in Sources */ = {isa = PBXBuildFile; fileRef = 6590EFA92A293741006F74BD /* AppDelegate.swift */; };
		6590EFAE2A293743006F74BD /* DrawingBoundingBoxView.swift in Sources */ = {isa = PBXBuildFile; fileRef = 6590EFAA2A293741006F74BD /* DrawingBoundingBoxView.swift */; };
		6590EFAF2A293743006F74BD /* ViewController.swift in Sources */ = {isa = PBXBuildFile; fileRef = 6590EFAB2A293742006F74BD /* ViewController.swift */; };
		6590EFB02A293743006F74BD /* Main.storyboard in Resources */ = {isa = PBXBuildFile; fileRef = 6590EFAC2A293743006F74BD /* Main.storyboard */; };
		6590EFB42A29374F006F74BD /* Measure.swift in Sources */ = {isa = PBXBuildFile; fileRef = 6590EFB12A29374D006F74BD /* Measure.swift */; };
		6590EFB52A29374F006F74BD /* UIImage+CVPixelBuffer.swift in Sources */ = {isa = PBXBuildFile; fileRef = 6590EFB22A29374E006F74BD /* UIImage+CVPixelBuffer.swift */; };
		6590EFB62A29374F006F74BD /* VideoCapture.swift in Sources */ = {isa = PBXBuildFile; fileRef = 6590EFB32A29374E006F74BD /* VideoCapture.swift */; };
		6590EFB82A29375B006F74BD /* yolov8s.mlpackage in Sources */ = {isa = PBXBuildFile; fileRef = 6590EFB72A29375B006F74BD /* yolov8s.mlpackage */; };
		6590EFBE2A293777006F74BD /* Assets.xcassets in Resources */ = {isa = PBXBuildFile; fileRef = 6590EFBB2A293776006F74BD /* Assets.xcassets */; };
		6590EFBF2A293777006F74BD /* LaunchScreen.storyboard in Resources */ = {isa = PBXBuildFile; fileRef = 6590EFBC2A293777006F74BD /* LaunchScreen.storyboard */; };
/* End PBXBuildFile section */

/* Begin PBXFileReference section */
		6590EF792A29339F006F74BD /* SmartVision.app */ = {isa = PBXFileReference; explicitFileType = wrapper.application; includeInIndex = 0; path = SmartVision.app; sourceTree = BUILT_PRODUCTS_DIR; };
		6590EFA92A293741006F74BD /* AppDelegate.swift */ = {isa = PBXFileReference; fileEncoding = 4; lastKnownFileType = sourcecode.swift; path = AppDelegate.swift; sourceTree = "<group>"; };
		6590EFAA2A293741006F74BD /* DrawingBoundingBoxView.swift */ = {isa = PBXFileReference; fileEncoding = 4; lastKnownFileType = sourcecode.swift; path = DrawingBoundingBoxView.swift; sourceTree = "<group>"; };
		6590EFAB2A293742006F74BD /* ViewController.swift */ = {isa = PBXFileReference; fileEncoding = 4; lastKnownFileType = sourcecode.swift; path = ViewController.swift; sourceTree = "<group>"; };
		6590EFAC2A293743006F74BD /* Main.storyboard */ = {isa = PBXFileReference; fileEncoding = 4; lastKnownFileType = file.storyboard; path = Main.storyboard; sourceTree = "<group>"; };
		6590EFB12A29374D006F74BD /* Measure.swift */ = {isa = PBXFileReference; fileEncoding = 4; lastKnownFileType = sourcecode.swift; path = Measure.swift; sourceTree = "<group>"; };
		6590EFB22A29374E006F74BD /* UIImage+CVPixelBuffer.swift */ = {isa = PBXFileReference; fileEncoding = 4; lastKnownFileType = sourcecode.swift; path = "UIImage+CVPixelBuffer.swift"; sourceTree = "<group>"; };
		6590EFB32A29374E006F74BD /* VideoCapture.swift */ = {isa = PBXFileReference; fileEncoding = 4; lastKnownFileType = sourcecode.swift; path = VideoCapture.swift; sourceTree = "<group>"; };
		6590EFB72A29375B006F74BD /* yolov8s.mlpackage */ = {isa = PBXFileReference; lastKnownFileType = folder.mlpackage; path = yolov8s.mlpackage; sourceTree = "<group>"; };
		6590EFBA2A293775006F74BD /* Info.plist */ = {isa = PBXFileReference; fileEncoding = 4; lastKnownFileType = text.plist.xml; path = Info.plist; sourceTree = "<group>"; };
		6590EFBB2A293776006F74BD /* Assets.xcassets */ = {isa = PBXFileReference; lastKnownFileType = folder.assetcatalog; path = Assets.xcassets; sourceTree = "<group>"; };
		6590EFBC2A293777006F74BD /* LaunchScreen.storyboard */ = {isa = PBXFileReference; fileEncoding = 4; lastKnownFileType = file.storyboard; path = LaunchScreen.storyboard; sourceTree = "<group>"; };
		6590EFC02A29380B006F74BD /* SmartVision-Bridging-Header.h */ = {isa = PBXFileReference; fileEncoding = 4; lastKnownFileType = sourcecode.c.h; path = "SmartVision-Bridging-Header.h"; sourceTree = "<group>"; };
/* End PBXFileReference section */

/* Begin PBXFrameworksBuildPhase section */
		6590EF762A29339F006F74BD /* Frameworks */ = {
			isa = PBXFrameworksBuildPhase;
			buildActionMask = 2147483647;
			files = (
			);
			runOnlyForDeploymentPostprocessing = 0;
		};
/* End PBXFrameworksBuildPhase section */

/* Begin PBXGroup section */
		6590EF702A29339F006F74BD = {
			isa = PBXGroup;
			children = (
				6590EF7B2A29339F006F74BD /* SmartVision */,
				6590EF7A2A29339F006F74BD /* Products */,
			);
			sourceTree = "<group>";
		};
		6590EF7A2A29339F006F74BD /* Products */ = {
			isa = PBXGroup;
			children = (
				6590EF792A29339F006F74BD /* SmartVision.app */,
			);
			name = Products;
			sourceTree = "<group>";
		};
		6590EF7B2A29339F006F74BD /* SmartVision */ = {
			isa = PBXGroup;
			children = (
				65D95FF12A293A7A00A12E7D /* Resources */,
				65D95FF02A293A6600A12E7D /* System */,
				65D95FEF2A293A5500A12E7D /* Features */,
				6590EFBA2A293775006F74BD /* Info.plist */,
				6590EFC02A29380B006F74BD /* SmartVision-Bridging-Header.h */,
			);
			path = SmartVision;
			sourceTree = "<group>";
		};
		6590EFB92A293768006F74BD /* mlmodel */ = {
			isa = PBXGroup;
			children = (
				6590EFB72A29375B006F74BD /* yolov8s.mlpackage */,
			);
			path = mlmodel;
			sourceTree = "<group>";
		};
		65D95FEF2A293A5500A12E7D /* Features */ = {
			isa = PBXGroup;
			children = (
				6590EFB92A293768006F74BD /* mlmodel */,
				6590EFAA2A293741006F74BD /* DrawingBoundingBoxView.swift */,
				6590EFAC2A293743006F74BD /* Main.storyboard */,
				6590EFAB2A293742006F74BD /* ViewController.swift */,
				6590EFB12A29374D006F74BD /* Measure.swift */,
				6590EFB22A29374E006F74BD /* UIImage+CVPixelBuffer.swift */,
				6590EFBC2A293777006F74BD /* LaunchScreen.storyboard */,
				6590EFB32A29374E006F74BD /* VideoCapture.swift */,
			);
			path = Features;
			sourceTree = "<group>";
		};
		65D95FF02A293A6600A12E7D /* System */ = {
			isa = PBXGroup;
			children = (
				6590EFA92A293741006F74BD /* AppDelegate.swift */,
			);
			path = System;
			sourceTree = "<group>";
		};
		65D95FF12A293A7A00A12E7D /* Resources */ = {
			isa = PBXGroup;
			children = (
				6590EFBB2A293776006F74BD /* Assets.xcassets */,
			);
			path = Resources;
			sourceTree = "<group>";
		};
/* End PBXGroup section */

/* Begin PBXNativeTarget section */
		6590EF782A29339F006F74BD /* SmartVision */ = {
			isa = PBXNativeTarget;
			buildConfigurationList = 6590EF8D2A2933A1006F74BD /* Build configuration list for PBXNativeTarget "SmartVision" */;
			buildPhases = (
				6590EF752A29339F006F74BD /* Sources */,
				6590EF762A29339F006F74BD /* Frameworks */,
				6590EF772A29339F006F74BD /* Resources */,
			);
			buildRules = (
			);
			dependencies = (
			);
			name = SmartVision;
			productName = SmartVision;
			productReference = 6590EF792A29339F006F74BD /* SmartVision.app */;
			productType = "com.apple.product-type.application";
		};
/* End PBXNativeTarget section */

/* Begin PBXProject section */
		6590EF712A29339F006F74BD /* Project object */ = {
			isa = PBXProject;
			attributes = {
				BuildIndependentTargetsInParallel = 1;
				LastSwiftUpdateCheck = 1420;
				LastUpgradeCheck = 1420;
				TargetAttributes = {
					6590EF782A29339F006F74BD = {
						CreatedOnToolsVersion = 14.2;
						LastSwiftMigration = 1420;
					};
				};
			};
			buildConfigurationList = 6590EF742A29339F006F74BD /* Build configuration list for PBXProject "SmartVision" */;
			compatibilityVersion = "Xcode 14.0";
			developmentRegion = en;
			hasScannedForEncodings = 0;
			knownRegions = (
				en,
				Base,
			);
			mainGroup = 6590EF702A29339F006F74BD;
			productRefGroup = 6590EF7A2A29339F006F74BD /* Products */;
			projectDirPath = "";
			projectRoot = "";
			targets = (
				6590EF782A29339F006F74BD /* SmartVision */,
			);
		};
/* End PBXProject section */

/* Begin PBXResourcesBuildPhase section */
		6590EF772A29339F006F74BD /* Resources */ = {
			isa = PBXResourcesBuildPhase;
			buildActionMask = 2147483647;
			files = (
				6590EFBF2A293777006F74BD /* LaunchScreen.storyboard in Resources */,
				6590EFBE2A293777006F74BD /* Assets.xcassets in Resources */,
				6590EFB02A293743006F74BD /* Main.storyboard in Resources */,
			);
			runOnlyForDeploymentPostprocessing = 0;
		};
/* End PBXResourcesBuildPhase section */

/* Begin PBXSourcesBuildPhase section */
		6590EF752A29339F006F74BD /* Sources */ = {
			isa = PBXSourcesBuildPhase;
			buildActionMask = 2147483647;
			files = (
				6590EFAF2A293743006F74BD /* ViewController.swift in Sources */,
				6590EFAD2A293743006F74BD /* AppDelegate.swift in Sources */,
				6590EFB52A29374F006F74BD /* UIImage+CVPixelBuffer.swift in Sources */,
				6590EFB42A29374F006F74BD /* Measure.swift in Sources */,
				6590EFB62A29374F006F74BD /* VideoCapture.swift in Sources */,
				6590EFAE2A293743006F74BD /* DrawingBoundingBoxView.swift in Sources */,
				6590EFB82A29375B006F74BD /* yolov8s.mlpackage in Sources */,
			);
			runOnlyForDeploymentPostprocessing = 0;
		};
/* End PBXSourcesBuildPhase section */

/* Begin XCBuildConfiguration section */
		6590EF8B2A2933A1006F74BD /* Debug */ = {
			isa = XCBuildConfiguration;
			buildSettings = {
				ALWAYS_SEARCH_USER_PATHS = NO;
				CLANG_ANALYZER_NONNULL = YES;
				CLANG_ANALYZER_NUMBER_OBJECT_CONVERSION = YES_AGGRESSIVE;
				CLANG_CXX_LANGUAGE_STANDARD = "gnu++20";
				CLANG_ENABLE_MODULES = YES;
				CLANG_ENABLE_OBJC_ARC = YES;
				CLANG_ENABLE_OBJC_WEAK = YES;
				CLANG_WARN_BLOCK_CAPTURE_AUTORELEASING = YES;
				CLANG_WARN_BOOL_CONVERSION = YES;
				CLANG_WARN_COMMA = YES;
				CLANG_WARN_CONSTANT_CONVERSION = YES;
				CLANG_WARN_DEPRECATED_OBJC_IMPLEMENTATIONS = YES;
				CLANG_WARN_DIRECT_OBJC_ISA_USAGE = YES_ERROR;
				CLANG_WARN_DOCUMENTATION_COMMENTS = YES;
				CLANG_WARN_EMPTY_BODY = YES;
				CLANG_WARN_ENUM_CONVERSION = YES;
				CLANG_WARN_INFINITE_RECURSION = YES;
				CLANG_WARN_INT_CONVERSION = YES;
				CLANG_WARN_NON_LITERAL_NULL_CONVERSION = YES;
				CLANG_WARN_OBJC_IMPLICIT_RETAIN_SELF = YES;
				CLANG_WARN_OBJC_LITERAL_CONVERSION = YES;
				CLANG_WARN_OBJC_ROOT_CLASS = YES_ERROR;
				CLANG_WARN_QUOTED_INCLUDE_IN_FRAMEWORK_HEADER = YES;
				CLANG_WARN_RANGE_LOOP_ANALYSIS = YES;
				CLANG_WARN_STRICT_PROTOTYPES = YES;
				CLANG_WARN_SUSPICIOUS_MOVE = YES;
				CLANG_WARN_UNGUARDED_AVAILABILITY = YES_AGGRESSIVE;
				CLANG_WARN_UNREACHABLE_CODE = YES;
				CLANG_WARN__DUPLICATE_METHOD_MATCH = YES;
				COPY_PHASE_STRIP = NO;
				DEBUG_INFORMATION_FORMAT = dwarf;
				ENABLE_STRICT_OBJC_MSGSEND = YES;
				ENABLE_TESTABILITY = YES;
				GCC_C_LANGUAGE_STANDARD = gnu11;
				GCC_DYNAMIC_NO_PIC = NO;
				GCC_NO_COMMON_BLOCKS = YES;
				GCC_OPTIMIZATION_LEVEL = 0;
				GCC_PREPROCESSOR_DEFINITIONS = (
					"DEBUG=1",
					"$(inherited)",
				);
				GCC_WARN_64_TO_32_BIT_CONVERSION = YES;
				GCC_WARN_ABOUT_RETURN_TYPE = YES_ERROR;
				GCC_WARN_UNDECLARED_SELECTOR = YES;
				GCC_WARN_UNINITIALIZED_AUTOS = YES_AGGRESSIVE;
				GCC_WARN_UNUSED_FUNCTION = YES;
				GCC_WARN_UNUSED_VARIABLE = YES;
				IPHONEOS_DEPLOYMENT_TARGET = 16.2;
				MTL_ENABLE_DEBUG_INFO = INCLUDE_SOURCE;
				MTL_FAST_MATH = YES;
				ONLY_ACTIVE_ARCH = YES;
				SDKROOT = iphoneos;
				SWIFT_ACTIVE_COMPILATION_CONDITIONS = DEBUG;
				SWIFT_OPTIMIZATION_LEVEL = "-Onone";
			};
			name = Debug;
		};
		6590EF8C2A2933A1006F74BD /* Release */ = {
			isa = XCBuildConfiguration;
			buildSettings = {
				ALWAYS_SEARCH_USER_PATHS = NO;
				CLANG_ANALYZER_NONNULL = YES;
				CLANG_ANALYZER_NUMBER_OBJECT_CONVERSION = YES_AGGRESSIVE;
				CLANG_CXX_LANGUAGE_STANDARD = "gnu++20";
				CLANG_ENABLE_MODULES = YES;
				CLANG_ENABLE_OBJC_ARC = YES;
				CLANG_ENABLE_OBJC_WEAK = YES;
				CLANG_WARN_BLOCK_CAPTURE_AUTORELEASING = YES;
				CLANG_WARN_BOOL_CONVERSION = YES;
				CLANG_WARN_COMMA = YES;
				CLANG_WARN_CONSTANT_CONVERSION = YES;
				CLANG_WARN_DEPRECATED_OBJC_IMPLEMENTATIONS = YES;
				CLANG_WARN_DIRECT_OBJC_ISA_USAGE = YES_ERROR;
				CLANG_WARN_DOCUMENTATION_COMMENTS = YES;
				CLANG_WARN_EMPTY_BODY = YES;
				CLANG_WARN_ENUM_CONVERSION = YES;
				CLANG_WARN_INFINITE_RECURSION = YES;
				CLANG_WARN_INT_CONVERSION = YES;
				CLANG_WARN_NON_LITERAL_NULL_CONVERSION = YES;
				CLANG_WARN_OBJC_IMPLICIT_RETAIN_SELF = YES;
				CLANG_WARN_OBJC_LITERAL_CONVERSION = YES;
				CLANG_WARN_OBJC_ROOT_CLASS = YES_ERROR;
				CLANG_WARN_QUOTED_INCLUDE_IN_FRAMEWORK_HEADER = YES;
				CLANG_WARN_RANGE_LOOP_ANALYSIS = YES;
				CLANG_WARN_STRICT_PROTOTYPES = YES;
				CLANG_WARN_SUSPICIOUS_MOVE = YES;
				CLANG_WARN_UNGUARDED_AVAILABILITY = YES_AGGRESSIVE;
				CLANG_WARN_UNREACHABLE_CODE = YES;
				CLANG_WARN__DUPLICATE_METHOD_MATCH = YES;
				COPY_PHASE_STRIP = NO;
				DEBUG_INFORMATION_FORMAT = "dwarf-with-dsym";
				ENABLE_NS_ASSERTIONS = NO;
				ENABLE_STRICT_OBJC_MSGSEND = YES;
				GCC_C_LANGUAGE_STANDARD = gnu11;
				GCC_NO_COMMON_BLOCKS = YES;
				GCC_WARN_64_TO_32_BIT_CONVERSION = YES;
				GCC_WARN_ABOUT_RETURN_TYPE = YES_ERROR;
				GCC_WARN_UNDECLARED_SELECTOR = YES;
				GCC_WARN_UNINITIALIZED_AUTOS = YES_AGGRESSIVE;
				GCC_WARN_UNUSED_FUNCTION = YES;
				GCC_WARN_UNUSED_VARIABLE = YES;
				IPHONEOS_DEPLOYMENT_TARGET = 16.2;
				MTL_ENABLE_DEBUG_INFO = NO;
				MTL_FAST_MATH = YES;
				SDKROOT = iphoneos;
				SWIFT_COMPILATION_MODE = wholemodule;
				SWIFT_OPTIMIZATION_LEVEL = "-O";
				VALIDATE_PRODUCT = YES;
			};
			name = Release;
		};
		6590EF8E2A2933A1006F74BD /* Debug */ = {
			isa = XCBuildConfiguration;
			buildSettings = {
				ASSETCATALOG_COMPILER_APPICON_NAME = AppIcon;
				ASSETCATALOG_COMPILER_GLOBAL_ACCENT_COLOR_NAME = AccentColor;
				CLANG_ENABLE_MODULES = YES;
				CODE_SIGN_STYLE = Automatic;
				CURRENT_PROJECT_VERSION = 1;
				DEVELOPMENT_TEAM = UUB7XUTT6S;
				GENERATE_INFOPLIST_FILE = YES;
				INFOPLIST_FILE = SmartVision/Info.plist;
				INFOPLIST_KEY_UIApplicationSupportsIndirectInputEvents = YES;
				INFOPLIST_KEY_UILaunchStoryboardName = LaunchScreen;
				INFOPLIST_KEY_UIMainStoryboardFile = Main;
				INFOPLIST_KEY_UISupportedInterfaceOrientations_iPad = "UIInterfaceOrientationPortrait UIInterfaceOrientationPortraitUpsideDown UIInterfaceOrientationLandscapeLeft UIInterfaceOrientationLandscapeRight";
				INFOPLIST_KEY_UISupportedInterfaceOrientations_iPhone = "UIInterfaceOrientationPortrait UIInterfaceOrientationLandscapeLeft UIInterfaceOrientationLandscapeRight";
				IPHONEOS_DEPLOYMENT_TARGET = 14.0;
				LD_RUNPATH_SEARCH_PATHS = (
					"$(inherited)",
					"@executable_path/Frameworks",
				);
				MARKETING_VERSION = 1.0;
				PRODUCT_BUNDLE_IDENTIFIER = com.university.SmartVision;
				PRODUCT_NAME = "$(TARGET_NAME)";
				SWIFT_EMIT_LOC_STRINGS = YES;
				SWIFT_OBJC_BRIDGING_HEADER = "SmartVision/SmartVision-Bridging-Header.h";
				SWIFT_OPTIMIZATION_LEVEL = "-Onone";
				SWIFT_VERSION = 5.0;
				TARGETED_DEVICE_FAMILY = "1,2";
			};
			name = Debug;
		};
		6590EF8F2A2933A1006F74BD /* Release */ = {
			isa = XCBuildConfiguration;
			buildSettings = {
				ASSETCATALOG_COMPILER_APPICON_NAME = AppIcon;
				ASSETCATALOG_COMPILER_GLOBAL_ACCENT_COLOR_NAME = AccentColor;
				CLANG_ENABLE_MODULES = YES;
				CODE_SIGN_STYLE = Automatic;
				CURRENT_PROJECT_VERSION = 1;
				DEVELOPMENT_TEAM = UUB7XUTT6S;
				GENERATE_INFOPLIST_FILE = YES;
				INFOPLIST_FILE = SmartVision/Info.plist;
				INFOPLIST_KEY_UIApplicationSupportsIndirectInputEvents = YES;
				INFOPLIST_KEY_UILaunchStoryboardName = LaunchScreen;
				INFOPLIST_KEY_UIMainStoryboardFile = Main;
				INFOPLIST_KEY_UISupportedInterfaceOrientations_iPad = "UIInterfaceOrientationPortrait UIInterfaceOrientationPortraitUpsideDown UIInterfaceOrientationLandscapeLeft UIInterfaceOrientationLandscapeRight";
				INFOPLIST_KEY_UISupportedInterfaceOrientations_iPhone = "UIInterfaceOrientationPortrait UIInterfaceOrientationLandscapeLeft UIInterfaceOrientationLandscapeRight";
				IPHONEOS_DEPLOYMENT_TARGET = 14.0;
				LD_RUNPATH_SEARCH_PATHS = (
					"$(inherited)",
					"@executable_path/Frameworks",
				);
				MARKETING_VERSION = 1.0;
				PRODUCT_BUNDLE_IDENTIFIER = com.university.SmartVision;
				PRODUCT_NAME = "$(TARGET_NAME)";
				SWIFT_EMIT_LOC_STRINGS = YES;
				SWIFT_OBJC_BRIDGING_HEADER = "SmartVision/SmartVision-Bridging-Header.h";
				SWIFT_VERSION = 5.0;
				TARGETED_DEVICE_FAMILY = "1,2";
			};
			name = Release;
		};
/* End XCBuildConfiguration section */

/* Begin XCConfigurationList section */
		6590EF742A29339F006F74BD /* Build configuration list for PBXProject "SmartVision" */ = {
			isa = XCConfigurationList;
			buildConfigurations = (
				6590EF8B2A2933A1006F74BD /* Debug */,
				6590EF8C2A2933A1006F74BD /* Release */,
			);
			defaultConfigurationIsVisible = 0;
			defaultConfigurationName = Release;
		};
		6590EF8D2A2933A1006F74BD /* Build configuration list for PBXNativeTarget "SmartVision" */ = {
			isa = XCConfigurationList;
			buildConfigurations = (
				6590EF8E2A2933A1006F74BD /* Debug */,
				6590EF8F2A2933A1006F74BD /* Release */,
			);
			defaultConfigurationIsVisible = 0;
			defaultConfigurationName = Release;
		};
/* End XCConfigurationList section */
	};
	rootObject = 6590EF712A29339F006F74BD /* Project object */;
}
